
Microsoft Visual Studio Solution File, Format Version 11.00
# Visual Studio 2010
Project("{FAE04EC0-301F-11D3-BF4B-00C04F79EFBC}") = "Sec4_Snowman", "Assembly-CSharp-firstpass.csproj", "{0F47006F-5276-C173-9B60-BBB9E2485A39}"
EndProject
Project("{FAE04EC0-301F-11D3-BF4B-00C04F79EFBC}") = "Sec4_Snowman", "Assembly-CSharp-Editor-firstpass.csproj", "{160AF2F7-BDAB-4CC1-5FB7-CFFB4A3F6C64}"
EndProject
Global
	GlobalSection(SolutionConfigurationPlatforms) = preSolution
		Debug|Any CPU = Debug|Any CPU
		Release|Any CPU = Release|Any CPU
	EndGlobalSection
	GlobalSection(ProjectConfigurationPlatforms) = postSolution
		{0F47006F-5276-C173-9B60-BBB9E2485A39}.Debug|Any CPU.ActiveCfg = Debug|Any CPU
		{0F47006F-5276-C173-9B60-BBB9E2485A39}.Debug|Any CPU.Build.0 = Debug|Any CPU
		{0F47006F-5276-C173-9B60-BBB9E2485A39}.Release|Any CPU.ActiveCfg = Release|Any CPU
		{0F47006F-5276-C173-9B60-BBB9E2485A39}.Release|Any CPU.Build.0 = Release|Any CPU
		{160AF2F7-BDAB-4CC1-5FB7-CFFB4A3F6C64}.Debug|Any CPU.ActiveCfg = Debug|Any CPU
		{160AF2F7-BDAB-4CC1-5FB7-CFFB4A3F6C64}.Debug|Any CPU.Build.0 = Debug|Any CPU
		{160AF2F7-BDAB-4CC1-5FB7-CFFB4A3F6C64}.Release|Any CPU.ActiveCfg = Release|Any CPU
		{160AF2F7-BDAB-4CC1-5FB7-CFFB4A3F6C64}.Release|Any CPU.Build.0 = Release|Any CPU
	EndGlobalSection
	GlobalSection(SolutionProperties) = preSolution
		HideSolutionNode = FALSE
	EndGlobalSection
	GlobalSection(MonoDevelopProperties) = preSolution
		StartupItem = Assembly-CSharp.csproj
	EndGlobalSection
EndGlobal
